
Microsoft Visual Studio Solution File, Format Version 12.00
# Visual Studio Version 17
VisualStudioVersion = 17.0.31903.59
MinimumVisualStudioVersion = 10.0.40219.1
Project("{FAE04EC0-301F-11D3-BF4B-00C04F79EFBC}") = "LoginServer", "LoginServer\LoginServer.csproj", "{AF742D1B-6B39-49CE-85FC-31974B267645}"
EndProject
Project("{FAE04EC0-301F-11D3-BF4B-00C04F79EFBC}") = "RFNetworking", "RFNetworking\RFNetworking.csproj", "{14A8F28E-0219-4C56-A04E-43BF87FBBBF7}"
EndProject
Project("{FAE04EC0-301F-11D3-BF4B-00C04F79EFBC}") = "LoginServer.Data", "LoginServer.Data\LoginServer.Data.csproj", "{3DE8FF25-470F-4930-A770-8FAC3D912592}"
EndProject
Project("{FAE04EC0-301F-11D3-BF4B-00C04F79EFBC}") = "AccountServer", "AccountServer\AccountServer.csproj", "{CDFD708D-518F-4639-ACF0-2ADDB1026A9B}"
EndProject
Project("{FAE04EC0-301F-11D3-BF4B-00C04F79EFBC}") = "RFPackets", "RFPackets\RFPackets.csproj", "{6B1EDC06-78AF-41D9-BBEC-FD707368D937}"
EndProject
Project("{2150E333-8FDC-42A3-9474-1A3956D46DE8}") = "WorldServer", "WorldServer", "{02EA681E-C7D8-13C7-8484-4AC65E1B71E8}"
EndProject
Project("{8BC9CEB8-8B4A-11D0-8D11-00A0C91BC942}") = "WorldServer", "WorldServer\WorldServer.vcxproj", "{284EA7C8-51F6-46B1-B01C-E421E5C5FC6A}"
EndProject
Project("{2150E333-8FDC-42A3-9474-1A3956D46DE8}") = "Tool", "Tool", "{C2B7AC55-755F-98EC-7131-AA75D4EC5C29}"
EndProject
Project("{FAE04EC0-301F-11D3-BF4B-00C04F79EFBC}") = "MapEditor", "MapEditor\MapEditor.csproj", "{D5C7C9B7-6396-48AB-B321-33607816E2CC}"
EndProject
Global
	GlobalSection(SolutionConfigurationPlatforms) = preSolution
		Debug|Any CPU = Debug|Any CPU
		Debug|x64 = Debug|x64
		Debug|x86 = Debug|x86
		Release|Any CPU = Release|Any CPU
		Release|x64 = Release|x64
		Release|x86 = Release|x86
	EndGlobalSection
	GlobalSection(ProjectConfigurationPlatforms) = postSolution
		{AF742D1B-6B39-49CE-85FC-31974B267645}.Debug|Any CPU.ActiveCfg = Debug|Any CPU
		{AF742D1B-6B39-49CE-85FC-31974B267645}.Debug|Any CPU.Build.0 = Debug|Any CPU
		{AF742D1B-6B39-49CE-85FC-31974B267645}.Debug|x64.ActiveCfg = Debug|Any CPU
		{AF742D1B-6B39-49CE-85FC-31974B267645}.Debug|x64.Build.0 = Debug|Any CPU
		{AF742D1B-6B39-49CE-85FC-31974B267645}.Debug|x86.ActiveCfg = Debug|Any CPU
		{AF742D1B-6B39-49CE-85FC-31974B267645}.Debug|x86.Build.0 = Debug|Any CPU
		{AF742D1B-6B39-49CE-85FC-31974B267645}.Release|Any CPU.ActiveCfg = Release|Any CPU
		{AF742D1B-6B39-49CE-85FC-31974B267645}.Release|Any CPU.Build.0 = Release|Any CPU
		{AF742D1B-6B39-49CE-85FC-31974B267645}.Release|x64.ActiveCfg = Release|Any CPU
		{AF742D1B-6B39-49CE-85FC-31974B267645}.Release|x64.Build.0 = Release|Any CPU
		{AF742D1B-6B39-49CE-85FC-31974B267645}.Release|x86.ActiveCfg = Release|Any CPU
		{AF742D1B-6B39-49CE-85FC-31974B267645}.Release|x86.Build.0 = Release|Any CPU
		{14A8F28E-0219-4C56-A04E-43BF87FBBBF7}.Debug|Any CPU.ActiveCfg = Debug|Any CPU
		{14A8F28E-0219-4C56-A04E-43BF87FBBBF7}.Debug|Any CPU.Build.0 = Debug|Any CPU
		{14A8F28E-0219-4C56-A04E-43BF87FBBBF7}.Debug|x64.ActiveCfg = Debug|Any CPU
		{14A8F28E-0219-4C56-A04E-43BF87FBBBF7}.Debug|x64.Build.0 = Debug|Any CPU
		{14A8F28E-0219-4C56-A04E-43BF87FBBBF7}.Debug|x86.ActiveCfg = Debug|Any CPU
		{14A8F28E-0219-4C56-A04E-43BF87FBBBF7}.Debug|x86.Build.0 = Debug|Any CPU
		{14A8F28E-0219-4C56-A04E-43BF87FBBBF7}.Release|Any CPU.ActiveCfg = Release|Any CPU
		{14A8F28E-0219-4C56-A04E-43BF87FBBBF7}.Release|Any CPU.Build.0 = Release|Any CPU
		{14A8F28E-0219-4C56-A04E-43BF87FBBBF7}.Release|x64.ActiveCfg = Release|Any CPU
		{14A8F28E-0219-4C56-A04E-43BF87FBBBF7}.Release|x64.Build.0 = Release|Any CPU
		{14A8F28E-0219-4C56-A04E-43BF87FBBBF7}.Release|x86.ActiveCfg = Release|Any CPU
		{14A8F28E-0219-4C56-A04E-43BF87FBBBF7}.Release|x86.Build.0 = Release|Any CPU
		{3DE8FF25-470F-4930-A770-8FAC3D912592}.Debug|Any CPU.ActiveCfg = Debug|Any CPU
		{3DE8FF25-470F-4930-A770-8FAC3D912592}.Debug|Any CPU.Build.0 = Debug|Any CPU
		{3DE8FF25-470F-4930-A770-8FAC3D912592}.Debug|x64.ActiveCfg = Debug|Any CPU
		{3DE8FF25-470F-4930-A770-8FAC3D912592}.Debug|x64.Build.0 = Debug|Any CPU
		{3DE8FF25-470F-4930-A770-8FAC3D912592}.Debug|x86.ActiveCfg = Debug|Any CPU
		{3DE8FF25-470F-4930-A770-8FAC3D912592}.Debug|x86.Build.0 = Debug|Any CPU
		{3DE8FF25-470F-4930-A770-8FAC3D912592}.Release|Any CPU.ActiveCfg = Release|Any CPU
		{3DE8FF25-470F-4930-A770-8FAC3D912592}.Release|Any CPU.Build.0 = Release|Any CPU
		{3DE8FF25-470F-4930-A770-8FAC3D912592}.Release|x64.ActiveCfg = Release|Any CPU
		{3DE8FF25-470F-4930-A770-8FAC3D912592}.Release|x64.Build.0 = Release|Any CPU
		{3DE8FF25-470F-4930-A770-8FAC3D912592}.Release|x86.ActiveCfg = Release|Any CPU
		{3DE8FF25-470F-4930-A770-8FAC3D912592}.Release|x86.Build.0 = Release|Any CPU
		{CDFD708D-518F-4639-ACF0-2ADDB1026A9B}.Debug|Any CPU.ActiveCfg = Debug|Any CPU
		{CDFD708D-518F-4639-ACF0-2ADDB1026A9B}.Debug|Any CPU.Build.0 = Debug|Any CPU
		{CDFD708D-518F-4639-ACF0-2ADDB1026A9B}.Debug|x64.ActiveCfg = Debug|Any CPU
		{CDFD708D-518F-4639-ACF0-2ADDB1026A9B}.Debug|x64.Build.0 = Debug|Any CPU
		{CDFD708D-518F-4639-ACF0-2ADDB1026A9B}.Debug|x86.ActiveCfg = Debug|Any CPU
		{CDFD708D-518F-4639-ACF0-2ADDB1026A9B}.Debug|x86.Build.0 = Debug|Any CPU
		{CDFD708D-518F-4639-ACF0-2ADDB1026A9B}.Release|Any CPU.ActiveCfg = Release|Any CPU
		{CDFD708D-518F-4639-ACF0-2ADDB1026A9B}.Release|Any CPU.Build.0 = Release|Any CPU
		{CDFD708D-518F-4639-ACF0-2ADDB1026A9B}.Release|x64.ActiveCfg = Release|Any CPU
		{CDFD708D-518F-4639-ACF0-2ADDB1026A9B}.Release|x64.Build.0 = Release|Any CPU
		{CDFD708D-518F-4639-ACF0-2ADDB1026A9B}.Release|x86.ActiveCfg = Release|Any CPU
		{CDFD708D-518F-4639-ACF0-2ADDB1026A9B}.Release|x86.Build.0 = Release|Any CPU
		{6B1EDC06-78AF-41D9-BBEC-FD707368D937}.Debug|Any CPU.ActiveCfg = Debug|Any CPU
		{6B1EDC06-78AF-41D9-BBEC-FD707368D937}.Debug|Any CPU.Build.0 = Debug|Any CPU
		{6B1EDC06-78AF-41D9-BBEC-FD707368D937}.Debug|x64.ActiveCfg = Debug|Any CPU
		{6B1EDC06-78AF-41D9-BBEC-FD707368D937}.Debug|x64.Build.0 = Debug|Any CPU
		{6B1EDC06-78AF-41D9-BBEC-FD707368D937}.Debug|x86.ActiveCfg = Debug|Any CPU
		{6B1EDC06-78AF-41D9-BBEC-FD707368D937}.Debug|x86.Build.0 = Debug|Any CPU
		{6B1EDC06-78AF-41D9-BBEC-FD707368D937}.Release|Any CPU.ActiveCfg = Release|Any CPU
		{6B1EDC06-78AF-41D9-BBEC-FD707368D937}.Release|Any CPU.Build.0 = Release|Any CPU
		{6B1EDC06-78AF-41D9-BBEC-FD707368D937}.Release|x64.ActiveCfg = Release|Any CPU
		{6B1EDC06-78AF-41D9-BBEC-FD707368D937}.Release|x64.Build.0 = Release|Any CPU
		{6B1EDC06-78AF-41D9-BBEC-FD707368D937}.Release|x86.ActiveCfg = Release|Any CPU
		{6B1EDC06-78AF-41D9-BBEC-FD707368D937}.Release|x86.Build.0 = Release|Any CPU
		{284EA7C8-51F6-46B1-B01C-E421E5C5FC6A}.Debug|Any CPU.ActiveCfg = Debug|x64
		{284EA7C8-51F6-46B1-B01C-E421E5C5FC6A}.Debug|Any CPU.Build.0 = Debug|x64
		{284EA7C8-51F6-46B1-B01C-E421E5C5FC6A}.Debug|x64.ActiveCfg = Debug|x64
		{284EA7C8-51F6-46B1-B01C-E421E5C5FC6A}.Debug|x64.Build.0 = Debug|x64
		{284EA7C8-51F6-46B1-B01C-E421E5C5FC6A}.Debug|x86.ActiveCfg = Debug|Win32
		{284EA7C8-51F6-46B1-B01C-E421E5C5FC6A}.Debug|x86.Build.0 = Debug|Win32
		{284EA7C8-51F6-46B1-B01C-E421E5C5FC6A}.Release|Any CPU.ActiveCfg = Debug|x64
		{284EA7C8-51F6-46B1-B01C-E421E5C5FC6A}.Release|Any CPU.Build.0 = Debug|x64
		{284EA7C8-51F6-46B1-B01C-E421E5C5FC6A}.Release|x64.ActiveCfg = Release|x64
		{284EA7C8-51F6-46B1-B01C-E421E5C5FC6A}.Release|x64.Build.0 = Release|x64
		{284EA7C8-51F6-46B1-B01C-E421E5C5FC6A}.Release|x86.ActiveCfg = Release|Win32
		{284EA7C8-51F6-46B1-B01C-E421E5C5FC6A}.Release|x86.Build.0 = Release|Win32
		{D5C7C9B7-6396-48AB-B321-33607816E2CC}.Debug|Any CPU.ActiveCfg = Debug|Any CPU
		{D5C7C9B7-6396-48AB-B321-33607816E2CC}.Debug|Any CPU.Build.0 = Debug|Any CPU
		{D5C7C9B7-6396-48AB-B321-33607816E2CC}.Debug|x64.ActiveCfg = Debug|Any CPU
		{D5C7C9B7-6396-48AB-B321-33607816E2CC}.Debug|x64.Build.0 = Debug|Any CPU
		{D5C7C9B7-6396-48AB-B321-33607816E2CC}.Debug|x86.ActiveCfg = Debug|Any CPU
		{D5C7C9B7-6396-48AB-B321-33607816E2CC}.Debug|x86.Build.0 = Debug|Any CPU
		{D5C7C9B7-6396-48AB-B321-33607816E2CC}.Release|Any CPU.ActiveCfg = Release|Any CPU
		{D5C7C9B7-6396-48AB-B321-33607816E2CC}.Release|Any CPU.Build.0 = Release|Any CPU
		{D5C7C9B7-6396-48AB-B321-33607816E2CC}.Release|x64.ActiveCfg = Release|Any CPU
		{D5C7C9B7-6396-48AB-B321-33607816E2CC}.Release|x64.Build.0 = Release|Any CPU
		{D5C7C9B7-6396-48AB-B321-33607816E2CC}.Release|x86.ActiveCfg = Release|Any CPU
		{D5C7C9B7-6396-48AB-B321-33607816E2CC}.Release|x86.Build.0 = Release|Any CPU
	EndGlobalSection
	GlobalSection(SolutionProperties) = preSolution
		HideSolutionNode = FALSE
	EndGlobalSection
	GlobalSection(NestedProjects) = preSolution
		{284EA7C8-51F6-46B1-B01C-E421E5C5FC6A} = {02EA681E-C7D8-13C7-8484-4AC65E1B71E8}
		{D5C7C9B7-6396-48AB-B321-33607816E2CC} = {C2B7AC55-755F-98EC-7131-AA75D4EC5C29}
	EndGlobalSection
	GlobalSection(ExtensibilityGlobals) = postSolution
		SolutionGuid = {046920E7-08AA-4B7B-8017-7647EE160F36}
	EndGlobalSection
EndGlobal
