<?xml version="1.0" encoding="utf-8"?>
<Project ToolsVersion="4.0" xmlns="http://schemas.microsoft.com/developer/msbuild/2003">
  <ItemGroup>
    <Filter Include="Source Files">
      <UniqueIdentifier>{4FC737F1-C7A5-4376-A066-2A32D752A2FF}</UniqueIdentifier>
      <Extensions>cpp;c;cc;cxx;def;odl;idl;hpj;bat;asm;asmx</Extensions>
    </Filter>
    <Filter Include="Header Files">
      <UniqueIdentifier>{93995380-89BD-4B04-88EB-625FBE52EBFB}</UniqueIdentifier>
      <Extensions>h;hpp;hxx;hm;inl;inc;xsd</Extensions>
    </Filter>
    <Filter Include="Header Files\Net">
      <UniqueIdentifier>{6D9A1D4B-0A1E-4A8F-8A6A-8E23B90C8A35}</UniqueIdentifier>
    </Filter>
    <Filter Include="Source Files\Net">
      <UniqueIdentifier>{E1D7F6B6-5E36-4B9E-8D0E-7EF9D1AB6E86}</UniqueIdentifier>
    </Filter>
    <Filter Include="Header Files\Entities">
      <UniqueIdentifier>{9D80D67B-C46F-4BD3-9C20-1D6E2DD49A79}</UniqueIdentifier>
    </Filter>
    <Filter Include="Source Files\Entities">
      <UniqueIdentifier>{B4B2EE1B-0E5B-4E51-9E1F-43B37E27F60F}</UniqueIdentifier>
    </Filter>
    <Filter Include="Resource Files">
      <UniqueIdentifier>{0A51C7F7-FAF1-4C7B-9E7C-2E44E8B5C3F1}</UniqueIdentifier>
      <Extensions>rc;ico;cur;bmp;dlg;bin;txt;manifest</Extensions>
    </Filter>
  </ItemGroup>
  <ItemGroup>
    <ClInclude Include="framework.h">
      <Filter>Header Files</Filter>
    </ClInclude>
    <ClInclude Include="MainFrm.h">
      <Filter>Header Files</Filter>
    </ClInclude>
    <ClInclude Include="pch.h">
      <Filter>Header Files</Filter>
    </ClInclude>
    <ClInclude Include="WorldServer.h">
      <Filter>Header Files</Filter>
    </ClInclude>
    <ClInclude Include="resource.h">
      <Filter>Header Files</Filter>
    </ClInclude>
    <ClInclude Include="Net\IocpCore.h">
      <Filter>Header Files\Net</Filter>
    </ClInclude>
    <ClInclude Include="Net\IocpListener.h">
      <Filter>Header Files\Net</Filter>
    </ClInclude>
    <ClInclude Include="Net\PacketFramer.h">
      <Filter>Header Files\Net</Filter>
    </ClInclude>
    <ClInclude Include="Net\InternalPacketProcessor.h">
      <Filter>Header Files\Net</Filter>
    </ClInclude>
    <ClInclude Include="Entities\*.h" Exclude="Entities\CABC75A24E330D1CBB803A094EF8.h">
      <Filter>Header Files\Entities</Filter>
    </ClInclude>
    <ClInclude Include="Entities\ItemDataLoader.h">
      <Filter>Header Files\Entities</Filter>
    </ClInclude>
  </ItemGroup>
  <ItemGroup>
    <ClCompile Include="MainFrm.cpp">
      <Filter>Source Files</Filter>
    </ClCompile>
    <ClCompile Include="pch.cpp">
      <Filter>Source Files</Filter>
    </ClCompile>
    <ClCompile Include="WorldServer.cpp">
      <Filter>Source Files</Filter>
    </ClCompile>
    <ClCompile Include="Net\IocpCore.cpp">
      <Filter>Source Files\Net</Filter>
    </ClCompile>
    <ClCompile Include="Net\IocpListener.cpp">
      <Filter>Source Files\Net</Filter>
    </ClCompile>
    <ClCompile Include="Net\PacketFramer.cpp">
      <Filter>Source Files\Net</Filter>
    </ClCompile>
    <ClCompile Include="Net\InternalPacketProcessor.cpp">
      <Filter>Source Files\Net</Filter>
    </ClCompile>
    <ClCompile Include="Entities\*.cpp">
      <Filter>Source Files\Entities</Filter>
    </ClCompile>
    <ClCompile Include="Entities\ItemDataLoader.cpp">
      <Filter>Source Files\Entities</Filter>
    </ClCompile>
  </ItemGroup>
  <ItemGroup>
    <ResourceCompile Include="WorldServer.rc">
      <Filter>Resource Files</Filter>
    </ResourceCompile>
  </ItemGroup>
  <ItemGroup>
    <Image Include="ICON128_1.ico">
      <Filter>Resource Files</Filter>
    </Image>
    <Image Include="ICON129_1.ico">
      <Filter>Resource Files</Filter>
    </Image>
  </ItemGroup>
  <ItemGroup>
    <None Include="MANIFEST1_1.txt">
      <Filter>Resource Files</Filter>
    </None>
    <None Include="TEXT151_1.txt">
      <Filter>Resource Files</Filter>
    </None>
    <None Include="240134_1.bin">
      <Filter>Resource Files</Filter>
    </None>
    <None Include="241128_1.bin">
      <Filter>Resource Files</Filter>
    </None>
    <None Include="ZoneServerUD_x64.res">
      <Filter>Resource Files</Filter>
    </None>
  </ItemGroup>
</Project>

